
Microsoft Visual Studio Solution File, Format Version 12.00
# Visual Studio Version 17
VisualStudioVersion = 17.2.32519.379
MinimumVisualStudioVersion = 10.0.40219.1
Project("{FAE04EC0-301F-11D3-BF4B-00C04F79EFBC}") = "Quiz exam", "Quiz exam\Quiz exam.csproj", "{721CB5D0-A118-44D9-8A5F-DC080BF66B0B}"
EndProject
Global
	GlobalSection(SolutionConfigurationPlatforms) = preSolution
		Debug|Any CPU = Debug|Any CPU
		Release|Any CPU = Release|Any CPU
	EndGlobalSection
	GlobalSection(ProjectConfigurationPlatforms) = postSolution
		{721CB5D0-A118-44D9-8A5F-DC080BF66B0B}.Debug|Any CPU.ActiveCfg = Debug|Any CPU
		{721CB5D0-A118-44D9-8A5F-DC080BF66B0B}.Debug|Any CPU.Build.0 = Debug|Any CPU
		{721CB5D0-A118-44D9-8A5F-DC080BF66B0B}.Release|Any CPU.ActiveCfg = Release|Any CPU
		{721CB5D0-A118-44D9-8A5F-DC080BF66B0B}.Release|Any CPU.Build.0 = Release|Any CPU
	EndGlobalSection
	GlobalSection(SolutionProperties) = preSolution
		HideSolutionNode = FALSE
	EndGlobalSection
	GlobalSection(ExtensibilityGlobals) = postSolution
		SolutionGuid = {62926496-9C7E-47AD-90FD-248D409FE080}
	EndGlobalSection
EndGlobal
